
Microsoft Visual Studio Solution File, Format Version 12.00
# Visual Studio Version 17
VisualStudioVersion = 17.0.32112.339
MinimumVisualStudioVersion = 10.0.40219.1
Project("{9A19103F-16F7-4668-BE54-9A1E7A4F7556}") = "TextABCSort", "TextABCSort\TextABCSort.csproj", "{B520B708-41F8-447B-B213-CCD47390443E}"
EndProject
Project("{9A19103F-16F7-4668-BE54-9A1E7A4F7556}") = "IntegrationTest", "IntegrationTest\IntegrationTest.csproj", "{DDFBCD05-43AA-4B52-81E1-088E52BB2AF1}"
EndProject
Project("{9A19103F-16F7-4668-BE54-9A1E7A4F7556}") = "Common", "Common\Common.csproj", "{FA1223B4-18A0-4492-B678-3CE35C647A39}"
EndProject
Project("{FAE04EC0-301F-11D3-BF4B-00C04F79EFBC}") = "TextSorter", "TextSorter\TextSorter.csproj", "{A665B209-D55E-4426-A152-E5F229914474}"
EndProject
Project("{FAE04EC0-301F-11D3-BF4B-00C04F79EFBC}") = "Core", "Core\Core.csproj", "{F67F6816-57A3-444B-9928-796AC5564C9B}"
EndProject
Global
	GlobalSection(SolutionConfigurationPlatforms) = preSolution
		Debug|Any CPU = Debug|Any CPU
		Release|Any CPU = Release|Any CPU
	EndGlobalSection
	GlobalSection(ProjectConfigurationPlatforms) = postSolution
		{B520B708-41F8-447B-B213-CCD47390443E}.Debug|Any CPU.ActiveCfg = Debug|Any CPU
		{B520B708-41F8-447B-B213-CCD47390443E}.Debug|Any CPU.Build.0 = Debug|Any CPU
		{B520B708-41F8-447B-B213-CCD47390443E}.Release|Any CPU.ActiveCfg = Release|Any CPU
		{B520B708-41F8-447B-B213-CCD47390443E}.Release|Any CPU.Build.0 = Release|Any CPU
		{DDFBCD05-43AA-4B52-81E1-088E52BB2AF1}.Debug|Any CPU.ActiveCfg = Debug|Any CPU
		{DDFBCD05-43AA-4B52-81E1-088E52BB2AF1}.Debug|Any CPU.Build.0 = Debug|Any CPU
		{DDFBCD05-43AA-4B52-81E1-088E52BB2AF1}.Release|Any CPU.ActiveCfg = Release|Any CPU
		{DDFBCD05-43AA-4B52-81E1-088E52BB2AF1}.Release|Any CPU.Build.0 = Release|Any CPU
		{FA1223B4-18A0-4492-B678-3CE35C647A39}.Debug|Any CPU.ActiveCfg = Debug|Any CPU
		{FA1223B4-18A0-4492-B678-3CE35C647A39}.Debug|Any CPU.Build.0 = Debug|Any CPU
		{FA1223B4-18A0-4492-B678-3CE35C647A39}.Release|Any CPU.ActiveCfg = Release|Any CPU
		{FA1223B4-18A0-4492-B678-3CE35C647A39}.Release|Any CPU.Build.0 = Release|Any CPU
		{A665B209-D55E-4426-A152-E5F229914474}.Debug|Any CPU.ActiveCfg = Debug|Any CPU
		{A665B209-D55E-4426-A152-E5F229914474}.Debug|Any CPU.Build.0 = Debug|Any CPU
		{A665B209-D55E-4426-A152-E5F229914474}.Release|Any CPU.ActiveCfg = Release|Any CPU
		{A665B209-D55E-4426-A152-E5F229914474}.Release|Any CPU.Build.0 = Release|Any CPU
		{F67F6816-57A3-444B-9928-796AC5564C9B}.Debug|Any CPU.ActiveCfg = Debug|Any CPU
		{F67F6816-57A3-444B-9928-796AC5564C9B}.Debug|Any CPU.Build.0 = Debug|Any CPU
		{F67F6816-57A3-444B-9928-796AC5564C9B}.Release|Any CPU.ActiveCfg = Release|Any CPU
		{F67F6816-57A3-444B-9928-796AC5564C9B}.Release|Any CPU.Build.0 = Release|Any CPU
	EndGlobalSection
	GlobalSection(SolutionProperties) = preSolution
		HideSolutionNode = FALSE
	EndGlobalSection
	GlobalSection(ExtensibilityGlobals) = postSolution
		SolutionGuid = {E31215A2-356A-45EF-B429-1144461B5BE4}
	EndGlobalSection
EndGlobal
